PODS:
  - DarklyEventSource (2.0.0)
  - LaunchDarkly (2.5.0):
    - LaunchDarkly/Core (= 2.5.0)
  - LaunchDarkly/Core (2.5.0):
    - DarklyEventSource (~> 2.0.0)

DEPENDENCIES:
  - LaunchDarkly (from `../ios-client`)

EXTERNAL SOURCES:
  LaunchDarkly:
    :path: ../ios-client

SPEC CHECKSUMS:
  DarklyEventSource: 710930f8f17e75abaf4d6c38a31a71718cc151e5
  LaunchDarkly: 8823a1c765fa84f6483770cf826caf58689e94d8

PODFILE CHECKSUM: 9049b7bccf2ebd0ab4b14feb43c903ba622fcdf9

COCOAPODS: 1.2.1
